# This file is automatically @generated by Cargo.
# It is not intended for manual editing.
version = 4

[[package]]
name = "abrasive"
version = "0.0.1"

[[package]]
name = "broker"
version = "0.0.1"

[[package]]
name = "crep"
version = "0.0.1"

[[package]]
name = "drop-point"
version = "0.0.1"

[[package]]
name = "seascape"
version = "0.0.1"
